
Microsoft Visual Studio Solution File, Format Version 12.00
# Visual Studio Version 16
VisualStudioVersion = 16.0.31729.503
MinimumVisualStudioVersion = 10.0.40219.1
Project("{FAE04EC0-301F-11D3-BF4B-00C04F79EFBC}") = "shri", "shri\shri.csproj", "{C2156A50-83DD-460A-9EB4-DCF25C415766}"
EndProject
Global
	GlobalSection(SolutionConfigurationPlatforms) = preSolution
		Debug|Any CPU = Debug|Any CPU
		Release|Any CPU = Release|Any CPU
	EndGlobalSection
	GlobalSection(ProjectConfigurationPlatforms) = postSolution
		{C2156A50-83DD-460A-9EB4-DCF25C415766}.Debug|Any CPU.ActiveCfg = Debug|Any CPU
		{C2156A50-83DD-460A-9EB4-DCF25C415766}.Debug|Any CPU.Build.0 = Debug|Any CPU
		{C2156A50-83DD-460A-9EB4-DCF25C415766}.Release|Any CPU.ActiveCfg = Release|Any CPU
		{C2156A50-83DD-460A-9EB4-DCF25C415766}.Release|Any CPU.Build.0 = Release|Any CPU
	EndGlobalSection
	GlobalSection(SolutionProperties) = preSolution
		HideSolutionNode = FALSE
	EndGlobalSection
	GlobalSection(ExtensibilityGlobals) = postSolution
		SolutionGuid = {229CE50F-C973-4B75-97B5-0361A591C70F}
	EndGlobalSection
EndGlobal
